
Microsoft Visual Studio Solution File, Format Version 12.00
# Visual Studio Version 16
VisualStudioVersion = 16.0.29123.88
MinimumVisualStudioVersion = 10.0.40219.1
Project("{FAE04EC0-301F-11D3-BF4B-00C04F79EFBC}") = "Fitness.BL", "Fitness.BL\Fitness.BL.csproj", "{C1AD4293-0B22-4CE6-8206-8B3D8C933D13}"
EndProject
Project("{FAE04EC0-301F-11D3-BF4B-00C04F79EFBC}") = "FitnessApp.CMD", "FitnessApp.CMD\FitnessApp.CMD.csproj", "{92D10683-FD2A-4F14-8EE1-09CDC30B30A0}"
EndProject
Project("{FAE04EC0-301F-11D3-BF4B-00C04F79EFBC}") = "Fitness.BLTests", "Fitness.BLTests\Fitness.BLTests.csproj", "{7E196988-7630-4413-9E35-E8E3BC69ABC9}"
EndProject
Global
	GlobalSection(SolutionConfigurationPlatforms) = preSolution
		Debug|Any CPU = Debug|Any CPU
		Release|Any CPU = Release|Any CPU
	EndGlobalSection
	GlobalSection(ProjectConfigurationPlatforms) = postSolution
		{C1AD4293-0B22-4CE6-8206-8B3D8C933D13}.Debug|Any CPU.ActiveCfg = Debug|Any CPU
		{C1AD4293-0B22-4CE6-8206-8B3D8C933D13}.Debug|Any CPU.Build.0 = Debug|Any CPU
		{C1AD4293-0B22-4CE6-8206-8B3D8C933D13}.Release|Any CPU.ActiveCfg = Release|Any CPU
		{C1AD4293-0B22-4CE6-8206-8B3D8C933D13}.Release|Any CPU.Build.0 = Release|Any CPU
		{92D10683-FD2A-4F14-8EE1-09CDC30B30A0}.Debug|Any CPU.ActiveCfg = Debug|Any CPU
		{92D10683-FD2A-4F14-8EE1-09CDC30B30A0}.Debug|Any CPU.Build.0 = Debug|Any CPU
		{92D10683-FD2A-4F14-8EE1-09CDC30B30A0}.Release|Any CPU.ActiveCfg = Release|Any CPU
		{92D10683-FD2A-4F14-8EE1-09CDC30B30A0}.Release|Any CPU.Build.0 = Release|Any CPU
		{7E196988-7630-4413-9E35-E8E3BC69ABC9}.Debug|Any CPU.ActiveCfg = Debug|Any CPU
		{7E196988-7630-4413-9E35-E8E3BC69ABC9}.Debug|Any CPU.Build.0 = Debug|Any CPU
		{7E196988-7630-4413-9E35-E8E3BC69ABC9}.Release|Any CPU.ActiveCfg = Release|Any CPU
		{7E196988-7630-4413-9E35-E8E3BC69ABC9}.Release|Any CPU.Build.0 = Release|Any CPU
	EndGlobalSection
	GlobalSection(SolutionProperties) = preSolution
		HideSolutionNode = FALSE
	EndGlobalSection
	GlobalSection(ExtensibilityGlobals) = postSolution
		SolutionGuid = {F68D97FC-A7BF-4DB1-8152-9CDB57E3EA75}
	EndGlobalSection
EndGlobal
